
Microsoft Visual Studio Solution File, Format Version 12.00
# Visual Studio 15
VisualStudioVersion = 15.0.27004.2008
MinimumVisualStudioVersion = 10.0.40219.1
Project("{FAE04EC0-301F-11D3-BF4B-00C04F79EFBC}") = "KidMaths", "KidMaths.csproj", "{B977F832-A9D1-4A58-9BBD-DE938F8CEA4C}"
EndProject
Global
	GlobalSection(SolutionConfigurationPlatforms) = preSolution
		Debug|Any CPU = Debug|Any CPU
		Release|Any CPU = Release|Any CPU
	EndGlobalSection
	GlobalSection(ProjectConfigurationPlatforms) = postSolution
		{B977F832-A9D1-4A58-9BBD-DE938F8CEA4C}.Debug|Any CPU.ActiveCfg = Debug|Any CPU
		{B977F832-A9D1-4A58-9BBD-DE938F8CEA4C}.Debug|Any CPU.Build.0 = Debug|Any CPU
		{B977F832-A9D1-4A58-9BBD-DE938F8CEA4C}.Release|Any CPU.ActiveCfg = Release|Any CPU
		{B977F832-A9D1-4A58-9BBD-DE938F8CEA4C}.Release|Any CPU.Build.0 = Release|Any CPU
	EndGlobalSection
	GlobalSection(SolutionProperties) = preSolution
		HideSolutionNode = FALSE
	EndGlobalSection
	GlobalSection(ExtensibilityGlobals) = postSolution
		SolutionGuid = {B1019BD4-B1A5-41AF-BDCE-48544A3C3474}
	EndGlobalSection
EndGlobal
